
Microsoft Visual Studio Solution File, Format Version 12.00
# Visual Studio Version 16
VisualStudioVersion = 16.0.29215.179
MinimumVisualStudioVersion = 10.0.40219.1
Project("{9A19103F-16F7-4668-BE54-9A1E7A4F7556}") = "OdeToFood", "OdeToFood\OdeToFood.csproj", "{426C731D-F49A-4E2B-88FA-B7D7FE92CF62}"
EndProject
Project("{9A19103F-16F7-4668-BE54-9A1E7A4F7556}") = "OdeToFood.Core", "OdeToFood.Core\OdeToFood.Core.csproj", "{D433CEB4-08A2-434B-8587-537E9B24CBC8}"
EndProject
Project("{9A19103F-16F7-4668-BE54-9A1E7A4F7556}") = "OdeToFood.Data", "OdeToFood.Data\OdeToFood.Data.csproj", "{201109C8-7F09-48E8-BD15-70C9D565AEC3}"
EndProject
Global
	GlobalSection(SolutionConfigurationPlatforms) = preSolution
		Debug|Any CPU = Debug|Any CPU
		Release|Any CPU = Release|Any CPU
	EndGlobalSection
	GlobalSection(ProjectConfigurationPlatforms) = postSolution
		{426C731D-F49A-4E2B-88FA-B7D7FE92CF62}.Debug|Any CPU.ActiveCfg = Debug|Any CPU
		{426C731D-F49A-4E2B-88FA-B7D7FE92CF62}.Debug|Any CPU.Build.0 = Debug|Any CPU
		{426C731D-F49A-4E2B-88FA-B7D7FE92CF62}.Release|Any CPU.ActiveCfg = Release|Any CPU
		{426C731D-F49A-4E2B-88FA-B7D7FE92CF62}.Release|Any CPU.Build.0 = Release|Any CPU
		{D433CEB4-08A2-434B-8587-537E9B24CBC8}.Debug|Any CPU.ActiveCfg = Debug|Any CPU
		{D433CEB4-08A2-434B-8587-537E9B24CBC8}.Debug|Any CPU.Build.0 = Debug|Any CPU
		{D433CEB4-08A2-434B-8587-537E9B24CBC8}.Release|Any CPU.ActiveCfg = Release|Any CPU
		{D433CEB4-08A2-434B-8587-537E9B24CBC8}.Release|Any CPU.Build.0 = Release|Any CPU
		{201109C8-7F09-48E8-BD15-70C9D565AEC3}.Debug|Any CPU.ActiveCfg = Debug|Any CPU
		{201109C8-7F09-48E8-BD15-70C9D565AEC3}.Debug|Any CPU.Build.0 = Debug|Any CPU
		{201109C8-7F09-48E8-BD15-70C9D565AEC3}.Release|Any CPU.ActiveCfg = Release|Any CPU
		{201109C8-7F09-48E8-BD15-70C9D565AEC3}.Release|Any CPU.Build.0 = Release|Any CPU
	EndGlobalSection
	GlobalSection(SolutionProperties) = preSolution
		HideSolutionNode = FALSE
	EndGlobalSection
	GlobalSection(ExtensibilityGlobals) = postSolution
		SolutionGuid = {E6F3E69E-6FBD-4F3D-BD6D-EB15DD758241}
	EndGlobalSection
EndGlobal
